
Microsoft Visual Studio Solution File, Format Version 12.00
# Visual Studio Version 17
VisualStudioVersion = 17.1.32210.238
MinimumVisualStudioVersion = 10.0.40219.1
Project("{FAE04EC0-301F-11D3-BF4B-00C04F79EFBC}") = "UC4DefaultConstructor", "UC4DefaultConstructor\UC4DefaultConstructor.csproj", "{C46E07DF-8F65-4CA4-8B3B-1F2E6722B471}"
EndProject
Global
	GlobalSection(SolutionConfigurationPlatforms) = preSolution
		Debug|Any CPU = Debug|Any CPU
		Release|Any CPU = Release|Any CPU
	EndGlobalSection
	GlobalSection(ProjectConfigurationPlatforms) = postSolution
		{C46E07DF-8F65-4CA4-8B3B-1F2E6722B471}.Debug|Any CPU.ActiveCfg = Debug|Any CPU
		{C46E07DF-8F65-4CA4-8B3B-1F2E6722B471}.Debug|Any CPU.Build.0 = Debug|Any CPU
		{C46E07DF-8F65-4CA4-8B3B-1F2E6722B471}.Release|Any CPU.ActiveCfg = Release|Any CPU
		{C46E07DF-8F65-4CA4-8B3B-1F2E6722B471}.Release|Any CPU.Build.0 = Release|Any CPU
	EndGlobalSection
	GlobalSection(SolutionProperties) = preSolution
		HideSolutionNode = FALSE
	EndGlobalSection
	GlobalSection(ExtensibilityGlobals) = postSolution
		SolutionGuid = {E49537D8-A00C-407A-8FAA-B259C1F1068F}
	EndGlobalSection
EndGlobal
