
Microsoft Visual Studio Solution File, Format Version 12.00
# Visual Studio Version 17
VisualStudioVersion = 17.1.32210.238
MinimumVisualStudioVersion = 10.0.40219.1
Project("{FAE04EC0-301F-11D3-BF4B-00C04F79EFBC}") = "UC1RefelectionMoodAnalyser", "UC1RefelectionMoodAnalyser\UC1RefelectionMoodAnalyser.csproj", "{FCC1C970-C6AC-4932-8CE6-8D829DB2F625}"
EndProject
Global
	GlobalSection(SolutionConfigurationPlatforms) = preSolution
		Debug|Any CPU = Debug|Any CPU
		Release|Any CPU = Release|Any CPU
	EndGlobalSection
	GlobalSection(ProjectConfigurationPlatforms) = postSolution
		{FCC1C970-C6AC-4932-8CE6-8D829DB2F625}.Debug|Any CPU.ActiveCfg = Debug|Any CPU
		{FCC1C970-C6AC-4932-8CE6-8D829DB2F625}.Debug|Any CPU.Build.0 = Debug|Any CPU
		{FCC1C970-C6AC-4932-8CE6-8D829DB2F625}.Release|Any CPU.ActiveCfg = Release|Any CPU
		{FCC1C970-C6AC-4932-8CE6-8D829DB2F625}.Release|Any CPU.Build.0 = Release|Any CPU
	EndGlobalSection
	GlobalSection(SolutionProperties) = preSolution
		HideSolutionNode = FALSE
	EndGlobalSection
	GlobalSection(ExtensibilityGlobals) = postSolution
		SolutionGuid = {D1B02DAE-F618-42B1-B548-87469FE44F45}
	EndGlobalSection
EndGlobal
